
Microsoft Visual Studio Solution File, Format Version 12.00
# Visual Studio Version 16
VisualStudioVersion = 16.0.29709.97
MinimumVisualStudioVersion = 10.0.40219.1
Project("{FAE04EC0-301F-11D3-BF4B-00C04F79EFBC}") = "MVC-Payments", "MVC-Payments\MVC-Payments.csproj", "{B275459C-5D84-4ACE-B611-DCA3E7568D68}"
EndProject
Global
	GlobalSection(SolutionConfigurationPlatforms) = preSolution
		Debug|Any CPU = Debug|Any CPU
		Release|Any CPU = Release|Any CPU
	EndGlobalSection
	GlobalSection(ProjectConfigurationPlatforms) = postSolution
		{B275459C-5D84-4ACE-B611-DCA3E7568D68}.Debug|Any CPU.ActiveCfg = Debug|Any CPU
		{B275459C-5D84-4ACE-B611-DCA3E7568D68}.Debug|Any CPU.Build.0 = Debug|Any CPU
		{B275459C-5D84-4ACE-B611-DCA3E7568D68}.Release|Any CPU.ActiveCfg = Release|Any CPU
		{B275459C-5D84-4ACE-B611-DCA3E7568D68}.Release|Any CPU.Build.0 = Release|Any CPU
	EndGlobalSection
	GlobalSection(SolutionProperties) = preSolution
		HideSolutionNode = FALSE
	EndGlobalSection
	GlobalSection(ExtensibilityGlobals) = postSolution
		SolutionGuid = {4D7DCA6D-C2CF-44A4-9F1E-794A7EF1660F}
	EndGlobalSection
EndGlobal
